
Microsoft Visual Studio Solution File, Format Version 12.00
# Visual Studio Version 17
VisualStudioVersion = 17.2.32616.157
MinimumVisualStudioVersion = 10.0.40219.1
Project("{9A19103F-16F7-4668-BE54-9A1E7A4F7556}") = "IdentityUserControl", "IdentityUserControl.csproj", "{B25C6824-D73B-464C-8808-42E4A558A588}"
EndProject
Global
	GlobalSection(SolutionConfigurationPlatforms) = preSolution
		Debug|Any CPU = Debug|Any CPU
		Release|Any CPU = Release|Any CPU
	EndGlobalSection
	GlobalSection(ProjectConfigurationPlatforms) = postSolution
		{B25C6824-D73B-464C-8808-42E4A558A588}.Debug|Any CPU.ActiveCfg = Debug|Any CPU
		{B25C6824-D73B-464C-8808-42E4A558A588}.Debug|Any CPU.Build.0 = Debug|Any CPU
		{B25C6824-D73B-464C-8808-42E4A558A588}.Release|Any CPU.ActiveCfg = Release|Any CPU
		{B25C6824-D73B-464C-8808-42E4A558A588}.Release|Any CPU.Build.0 = Release|Any CPU
	EndGlobalSection
	GlobalSection(SolutionProperties) = preSolution
		HideSolutionNode = FALSE
	EndGlobalSection
	GlobalSection(ExtensibilityGlobals) = postSolution
		SolutionGuid = {F0D04D24-5315-49A5-B598-E7332347D3BE}
	EndGlobalSection
EndGlobal
